<Solution>
  <Configurations>
    <BuildType Name="Academic" />
    <BuildType Name="Debug" />
    <BuildType Name="Release" />
  </Configurations>
  <Folder Name="/Demos/">
    <Project Path="Demos/OpenSource/MVC/FastReport.OpenSource.MVC.6.0/FastReport.OpenSource.MVC.6.0.csproj">
      <BuildType Solution="Academic|*" Project="Debug" />
    </Project>
    <Project Path="Demos/OpenSource/SPA/FastReport.OpenSource.Angular/FastReport.OpenSource.Angular.csproj">
      <BuildType Solution="Academic|*" Project="Debug" />
    </Project>
  </Folder>
  <Folder Name="/Extras/">
    <Project Path="Extras/OpenSource/FastReport.OpenSource.Export.PdfSimple/FastReport.OpenSource.Export.PdfSimple.Tests/FastReport.OpenSource.Export.PdfSimple.Tests.csproj">
      <BuildType Solution="Academic|*" Project="Debug" />
    </Project>
    <Project Path="Extras/OpenSource/FastReport.OpenSource.Export.PdfSimple/FastReport.OpenSource.Export.PdfSimple/FastReport.OpenSource.Export.PdfSimple.csproj">
      <BuildType Solution="Academic|*" Project="Release" />
    </Project>
  </Folder>
  <Folder Name="/Extras/Connections/">
    <Project Path="Extras/Core/FastReport.Data/FastReport.Data.Cassandra/FastReport.OpenSource.Data.Cassandra.csproj">
      <BuildType Solution="Academic|*" Project="Debug" />
    </Project>
    <Project Path="Extras/Core/FastReport.Data/FastReport.Data.ClickHouse/FastReport.OpenSource.Data.ClickHouse.csproj">
      <BuildType Solution="Academic|*" Project="Debug" />
    </Project>
    <Project Path="Extras/Core/FastReport.Data/FastReport.Data.Couchbase/FastReport.OpenSource.Data.Couchbase.csproj">
      <BuildType Solution="Academic|*" Project="Debug" />
    </Project>
    <Project Path="Extras/Core/FastReport.Data/FastReport.Data.ElasticSearch/FastReport.OpenSource.Data.ElasticSearch.csproj">
      <BuildType Solution="Academic|*" Project="Debug" />
    </Project>
    <Project Path="Extras/Core/FastReport.Data/FastReport.Data.Excel/FastReport.OpenSource.Data.Excel.csproj">
      <BuildType Solution="Academic|*" Project="Debug" />
    </Project>
    <Project Path="Extras/Core/FastReport.Data/FastReport.Data.Firebird/FastReport.OpenSource.Data.Firebird.csproj">
      <BuildType Solution="Academic|*" Project="Debug" />
    </Project>
    <Project Path="Extras/Core/FastReport.Data/FastReport.Data.GoogleSheets/FastReport.OpenSource.Data.GoogleSheets.csproj">
      <BuildType Solution="Academic|*" Project="Release" />
    </Project>
    <Project Path="Extras/Core/FastReport.Data/FastReport.Data.Ignite/FastReport.OpenSource.Data.Ignite.csproj">
      <BuildType Solution="Academic|*" Project="Release" />
    </Project>
    <Project Path="Extras/Core/FastReport.Data/FastReport.Data.Json/FastReport.OpenSource.Data.Json.csproj">
      <BuildType Solution="Academic|*" Project="Debug" />
    </Project>
    <Project Path="Extras/Core/FastReport.Data/FastReport.Data.MongoDB/FastReport.OpenSource.Data.MongoDB.csproj">
      <BuildType Solution="Academic|*" Project="Debug" />
    </Project>
    <Project Path="Extras/Core/FastReport.Data/FastReport.Data.MsSql/FastReport.OpenSource.Data.MsSql.csproj">
      <BuildType Solution="Academic|*" Project="Debug" />
    </Project>
    <Project Path="Extras/Core/FastReport.Data/FastReport.Data.MySql/FastReport.OpenSource.Data.MySql.csproj">
      <BuildType Solution="Academic|*" Project="Debug" />
    </Project>
    <Project Path="Extras/Core/FastReport.Data/FastReport.Data.Odbc/FastReport.OpenSource.Data.Odbc.csproj">
      <BuildType Solution="Academic|*" Project="Debug" />
    </Project>
    <Project Path="Extras/Core/FastReport.Data/FastReport.Data.OracleODPCore/FastReport.OpenSource.Data.OracleODPCore.csproj">
      <BuildType Solution="Academic|*" Project="Debug" />
    </Project>
    <Project Path="Extras/Core/FastReport.Data/FastReport.Data.Postgres/FastReport.OpenSource.Data.Postgres.csproj">
      <BuildType Solution="Academic|*" Project="Debug" />
    </Project>
    <Project Path="Extras/Core/FastReport.Data/FastReport.Data.RavenDB/FastReport.OpenSource.Data.RavenDB.csproj">
      <BuildType Solution="Academic|*" Project="Debug" />
    </Project>
    <Project Path="Extras/Core/FastReport.Data/FastReport.Data.SQLite/FastReport.OpenSource.Data.SQLite.csproj">
      <BuildType Solution="Academic|*" Project="Debug" />
    </Project>
  </Folder>
  <Folder Name="/Extras/Plugins/">
    <Project Path="Extras/Core/FastReport.Plugin/FastReport.Plugins.WebP/FastReport.OpenSource.Plugins.WebP.csproj">
      <BuildType Solution="Academic|*" Project="Debug" />
    </Project>
  </Folder>
  <Project Path="FastReport.Compat/FastReport.Compat/FastReport.Compat.csproj">
    <BuildType Solution="Academic|*" Project="Debug" />
  </Project>
  <Project Path="FastReport.Core.Web/FastReport.OpenSource.Web.csproj">
    <BuildType Solution="Academic|*" Project="Debug" />
  </Project>
  <Project Path="FastReport.OpenSource/FastReport.OpenSource.csproj">
    <BuildType Solution="Academic|*" Project="Release" />
  </Project>
  <Project Path="Tools/FastReport.Tests.OpenSource/FastReport.Tests.OpenSource.csproj">
    <BuildType Solution="Academic|*" Project="Debug" />
  </Project>
</Solution>
